
Microsoft Visual Studio Solution File, Format Version 12.00
# Visual Studio Version 16
VisualStudioVersion = 16.0.31205.134
MinimumVisualStudioVersion = 10.0.40219.1
Project("{FAE04EC0-301F-11D3-BF4B-00C04F79EFBC}") = "PAtividade7", "PAtividade7.csproj", "{988E9574-B59F-4F9B-B532-B39F07DBE9C0}"
EndProject
Global
	GlobalSection(SolutionConfigurationPlatforms) = preSolution
		Debug|Any CPU = Debug|Any CPU
		Release|Any CPU = Release|Any CPU
	EndGlobalSection
	GlobalSection(ProjectConfigurationPlatforms) = postSolution
		{988E9574-B59F-4F9B-B532-B39F07DBE9C0}.Debug|Any CPU.ActiveCfg = Debug|Any CPU
		{988E9574-B59F-4F9B-B532-B39F07DBE9C0}.Debug|Any CPU.Build.0 = Debug|Any CPU
		{988E9574-B59F-4F9B-B532-B39F07DBE9C0}.Release|Any CPU.ActiveCfg = Release|Any CPU
		{988E9574-B59F-4F9B-B532-B39F07DBE9C0}.Release|Any CPU.Build.0 = Release|Any CPU
	EndGlobalSection
	GlobalSection(SolutionProperties) = preSolution
		HideSolutionNode = FALSE
	EndGlobalSection
	GlobalSection(ExtensibilityGlobals) = postSolution
		SolutionGuid = {E4B3EF0B-351D-436A-A4BE-0A327A5AAECB}
	EndGlobalSection
EndGlobal
